
Microsoft Visual Studio Solution File, Format Version 12.00
# Visual Studio Version 17
VisualStudioVersion = 17.11.35312.102
MinimumVisualStudioVersion = 10.0.40219.1
Project("{FAE04EC0-301F-11D3-BF4B-00C04F79EFBC}") = "ToDoListManagement", "ToDoListManagement.csproj", "{7CF592ED-67DB-48B6-930A-2B6D235FAE0F}"
	ProjectSection(ProjectDependencies) = postProject
		{45A26599-65FC-4FEF-977D-354302F84CB9} = {45A26599-65FC-4FEF-977D-354302F84CB9}
		{5683839A-5DA4-47FF-B5D5-11E18571154F} = {5683839A-5DA4-47FF-B5D5-11E18571154F}
		{8B9E6B51-8354-4397-A221-512FA5204AE6} = {8B9E6B51-8354-4397-A221-512FA5204AE6}
	EndProjectSection
EndProject
Project("{2150E333-8FDC-42A3-9474-1A3956D46DE8}") = "src", "src", "{09BBED6E-FD85-4EAB-830E-219469F45C1F}"
EndProject
Project("{2150E333-8FDC-42A3-9474-1A3956D46DE8}") = "WebAPI", "WebAPI", "{0F50CAA6-1FCB-4FF0-B67E-76813897F8ED}"
EndProject
Project("{2150E333-8FDC-42A3-9474-1A3956D46DE8}") = "Domain", "Domain", "{F0C41E90-C6AF-4661-B901-C8E3BF4B92E6}"
EndProject
Project("{2150E333-8FDC-42A3-9474-1A3956D46DE8}") = "Application", "Application", "{7E5D3277-4D4B-4C4F-AF60-9BED7331EA89}"
EndProject
Project("{2150E333-8FDC-42A3-9474-1A3956D46DE8}") = "Infrastructure", "Infrastructure", "{40DEFF7D-7982-4E7A-8BFF-BADD256328CF}"
EndProject
Project("{2150E333-8FDC-42A3-9474-1A3956D46DE8}") = "tests", "tests", "{BC4F2667-0AC2-4124-916B-1536B1E866AF}"
EndProject
Project("{FAE04EC0-301F-11D3-BF4B-00C04F79EFBC}") = "Domain", "..\Domain\Domain.csproj", "{8B9E6B51-8354-4397-A221-512FA5204AE6}"
EndProject
Project("{FAE04EC0-301F-11D3-BF4B-00C04F79EFBC}") = "Application", "..\Application\Application.csproj", "{45A26599-65FC-4FEF-977D-354302F84CB9}"
	ProjectSection(ProjectDependencies) = postProject
		{8B9E6B51-8354-4397-A221-512FA5204AE6} = {8B9E6B51-8354-4397-A221-512FA5204AE6}
	EndProjectSection
EndProject
Project("{FAE04EC0-301F-11D3-BF4B-00C04F79EFBC}") = "Infrastructure", "..\Infrastructure\Infrastructure.csproj", "{5683839A-5DA4-47FF-B5D5-11E18571154F}"
	ProjectSection(ProjectDependencies) = postProject
		{8B9E6B51-8354-4397-A221-512FA5204AE6} = {8B9E6B51-8354-4397-A221-512FA5204AE6}
	EndProjectSection
EndProject
Project("{2150E333-8FDC-42A3-9474-1A3956D46DE8}") = "IntegrationTests", "IntegrationTests", "{384AA768-3B28-4835-AE38-119AC7A92935}"
EndProject
Project("{2150E333-8FDC-42A3-9474-1A3956D46DE8}") = "UnitTests", "UnitTests", "{7F97A3C9-86D6-41B8-BE17-19D12C983CDF}"
EndProject
Project("{FAE04EC0-301F-11D3-BF4B-00C04F79EFBC}") = "ToDoListManagement.Application.UnitTests", "ToDoListManagement.Application.UnitTests\ToDoListManagement.Application.UnitTests.csproj", "{FD908E99-355F-4F45-8B89-E713EB797D53}"
EndProject
Global
	GlobalSection(SolutionConfigurationPlatforms) = preSolution
		Debug|Any CPU = Debug|Any CPU
		Release|Any CPU = Release|Any CPU
	EndGlobalSection
	GlobalSection(ProjectConfigurationPlatforms) = postSolution
		{7CF592ED-67DB-48B6-930A-2B6D235FAE0F}.Debug|Any CPU.ActiveCfg = Debug|Any CPU
		{7CF592ED-67DB-48B6-930A-2B6D235FAE0F}.Debug|Any CPU.Build.0 = Debug|Any CPU
		{7CF592ED-67DB-48B6-930A-2B6D235FAE0F}.Release|Any CPU.ActiveCfg = Release|Any CPU
		{7CF592ED-67DB-48B6-930A-2B6D235FAE0F}.Release|Any CPU.Build.0 = Release|Any CPU
		{8B9E6B51-8354-4397-A221-512FA5204AE6}.Debug|Any CPU.ActiveCfg = Debug|Any CPU
		{8B9E6B51-8354-4397-A221-512FA5204AE6}.Debug|Any CPU.Build.0 = Debug|Any CPU
		{8B9E6B51-8354-4397-A221-512FA5204AE6}.Release|Any CPU.ActiveCfg = Release|Any CPU
		{8B9E6B51-8354-4397-A221-512FA5204AE6}.Release|Any CPU.Build.0 = Release|Any CPU
		{45A26599-65FC-4FEF-977D-354302F84CB9}.Debug|Any CPU.ActiveCfg = Debug|Any CPU
		{45A26599-65FC-4FEF-977D-354302F84CB9}.Debug|Any CPU.Build.0 = Debug|Any CPU
		{45A26599-65FC-4FEF-977D-354302F84CB9}.Release|Any CPU.ActiveCfg = Release|Any CPU
		{45A26599-65FC-4FEF-977D-354302F84CB9}.Release|Any CPU.Build.0 = Release|Any CPU
		{5683839A-5DA4-47FF-B5D5-11E18571154F}.Debug|Any CPU.ActiveCfg = Debug|Any CPU
		{5683839A-5DA4-47FF-B5D5-11E18571154F}.Debug|Any CPU.Build.0 = Debug|Any CPU
		{5683839A-5DA4-47FF-B5D5-11E18571154F}.Release|Any CPU.ActiveCfg = Release|Any CPU
		{5683839A-5DA4-47FF-B5D5-11E18571154F}.Release|Any CPU.Build.0 = Release|Any CPU
		{FD908E99-355F-4F45-8B89-E713EB797D53}.Debug|Any CPU.ActiveCfg = Debug|Any CPU
		{FD908E99-355F-4F45-8B89-E713EB797D53}.Debug|Any CPU.Build.0 = Debug|Any CPU
		{FD908E99-355F-4F45-8B89-E713EB797D53}.Release|Any CPU.ActiveCfg = Release|Any CPU
		{FD908E99-355F-4F45-8B89-E713EB797D53}.Release|Any CPU.Build.0 = Release|Any CPU
	EndGlobalSection
	GlobalSection(SolutionProperties) = preSolution
		HideSolutionNode = FALSE
	EndGlobalSection
	GlobalSection(NestedProjects) = preSolution
		{7CF592ED-67DB-48B6-930A-2B6D235FAE0F} = {0F50CAA6-1FCB-4FF0-B67E-76813897F8ED}
		{0F50CAA6-1FCB-4FF0-B67E-76813897F8ED} = {09BBED6E-FD85-4EAB-830E-219469F45C1F}
		{F0C41E90-C6AF-4661-B901-C8E3BF4B92E6} = {09BBED6E-FD85-4EAB-830E-219469F45C1F}
		{7E5D3277-4D4B-4C4F-AF60-9BED7331EA89} = {09BBED6E-FD85-4EAB-830E-219469F45C1F}
		{40DEFF7D-7982-4E7A-8BFF-BADD256328CF} = {09BBED6E-FD85-4EAB-830E-219469F45C1F}
		{8B9E6B51-8354-4397-A221-512FA5204AE6} = {F0C41E90-C6AF-4661-B901-C8E3BF4B92E6}
		{45A26599-65FC-4FEF-977D-354302F84CB9} = {7E5D3277-4D4B-4C4F-AF60-9BED7331EA89}
		{5683839A-5DA4-47FF-B5D5-11E18571154F} = {40DEFF7D-7982-4E7A-8BFF-BADD256328CF}
		{384AA768-3B28-4835-AE38-119AC7A92935} = {BC4F2667-0AC2-4124-916B-1536B1E866AF}
		{7F97A3C9-86D6-41B8-BE17-19D12C983CDF} = {BC4F2667-0AC2-4124-916B-1536B1E866AF}
		{FD908E99-355F-4F45-8B89-E713EB797D53} = {7F97A3C9-86D6-41B8-BE17-19D12C983CDF}
	EndGlobalSection
	GlobalSection(ExtensibilityGlobals) = postSolution
		SolutionGuid = {68A6BE3C-D16B-42FC-A451-DB3E6C637686}
	EndGlobalSection
EndGlobal
