
Microsoft Visual Studio Solution File, Format Version 12.00
# Visual Studio Version 17
VisualStudioVersion = 17.11.35312.102
MinimumVisualStudioVersion = 10.0.40219.1
Project("{9A19103F-16F7-4668-BE54-9A1E7A4F7556}") = "TimeTable", "TimeTable.csproj", "{04BB281D-EFB8-4F07-86A8-496A51B1E5F5}"
	ProjectSection(ProjectDependencies) = postProject
		{D01E465C-514F-4591-B4D1-55B41904D14D} = {D01E465C-514F-4591-B4D1-55B41904D14D}
		{D6560AF5-D0AA-45D5-B993-3991C7F5EE3C} = {D6560AF5-D0AA-45D5-B993-3991C7F5EE3C}
		{F82141EC-6C2A-49DD-9CFF-20DAA4D95265} = {F82141EC-6C2A-49DD-9CFF-20DAA4D95265}
	EndProjectSection
EndProject
Project("{2150E333-8FDC-42A3-9474-1A3956D46DE8}") = "src", "src", "{7712AA6F-C2D2-4727-A78D-8EFE18D9D822}"
EndProject
Project("{2150E333-8FDC-42A3-9474-1A3956D46DE8}") = "tests", "tests", "{7711E729-B1B7-4879-8686-F55B06041469}"
EndProject
Project("{9A19103F-16F7-4668-BE54-9A1E7A4F7556}") = "Application", "..\Application\Application.csproj", "{F82141EC-6C2A-49DD-9CFF-20DAA4D95265}"
	ProjectSection(ProjectDependencies) = postProject
		{D6560AF5-D0AA-45D5-B993-3991C7F5EE3C} = {D6560AF5-D0AA-45D5-B993-3991C7F5EE3C}
	EndProjectSection
EndProject
Project("{9A19103F-16F7-4668-BE54-9A1E7A4F7556}") = "Domain", "..\Domain\Domain.csproj", "{D6560AF5-D0AA-45D5-B993-3991C7F5EE3C}"
EndProject
Project("{9A19103F-16F7-4668-BE54-9A1E7A4F7556}") = "Infrastructure", "..\Infrastructure\Infrastructure.csproj", "{D01E465C-514F-4591-B4D1-55B41904D14D}"
	ProjectSection(ProjectDependencies) = postProject
		{D6560AF5-D0AA-45D5-B993-3991C7F5EE3C} = {D6560AF5-D0AA-45D5-B993-3991C7F5EE3C}
	EndProjectSection
EndProject
Project("{2150E333-8FDC-42A3-9474-1A3956D46DE8}") = "Application", "Application", "{E8D34699-0C5F-4241-BE67-CD40BD02A364}"
EndProject
Project("{2150E333-8FDC-42A3-9474-1A3956D46DE8}") = "Domain", "Domain", "{13959DFE-6721-4901-9B68-3756D71C634F}"
EndProject
Project("{2150E333-8FDC-42A3-9474-1A3956D46DE8}") = "Infrastructure", "Infrastructure", "{2F285375-3C4A-47C7-8E01-26E6CAC4B225}"
EndProject
Project("{2150E333-8FDC-42A3-9474-1A3956D46DE8}") = "WebAPI", "WebAPI", "{847B541B-F440-41AD-BBBC-A526DC327B24}"
EndProject
Project("{2150E333-8FDC-42A3-9474-1A3956D46DE8}") = "IntegrationTests", "IntegrationTests", "{ED8B42DE-E57B-477F-9312-179BB9503ADF}"
EndProject
Project("{2150E333-8FDC-42A3-9474-1A3956D46DE8}") = "UnitTests", "UnitTests", "{75698992-32DF-4F22-BEF9-3214BCC449D3}"
EndProject
Global
	GlobalSection(SolutionConfigurationPlatforms) = preSolution
		Debug|Any CPU = Debug|Any CPU
		Release|Any CPU = Release|Any CPU
	EndGlobalSection
	GlobalSection(ProjectConfigurationPlatforms) = postSolution
		{04BB281D-EFB8-4F07-86A8-496A51B1E5F5}.Debug|Any CPU.ActiveCfg = Debug|Any CPU
		{04BB281D-EFB8-4F07-86A8-496A51B1E5F5}.Debug|Any CPU.Build.0 = Debug|Any CPU
		{04BB281D-EFB8-4F07-86A8-496A51B1E5F5}.Release|Any CPU.ActiveCfg = Release|Any CPU
		{04BB281D-EFB8-4F07-86A8-496A51B1E5F5}.Release|Any CPU.Build.0 = Release|Any CPU
		{F82141EC-6C2A-49DD-9CFF-20DAA4D95265}.Debug|Any CPU.ActiveCfg = Debug|Any CPU
		{F82141EC-6C2A-49DD-9CFF-20DAA4D95265}.Debug|Any CPU.Build.0 = Debug|Any CPU
		{F82141EC-6C2A-49DD-9CFF-20DAA4D95265}.Release|Any CPU.ActiveCfg = Release|Any CPU
		{F82141EC-6C2A-49DD-9CFF-20DAA4D95265}.Release|Any CPU.Build.0 = Release|Any CPU
		{D6560AF5-D0AA-45D5-B993-3991C7F5EE3C}.Debug|Any CPU.ActiveCfg = Debug|Any CPU
		{D6560AF5-D0AA-45D5-B993-3991C7F5EE3C}.Debug|Any CPU.Build.0 = Debug|Any CPU
		{D6560AF5-D0AA-45D5-B993-3991C7F5EE3C}.Release|Any CPU.ActiveCfg = Release|Any CPU
		{D6560AF5-D0AA-45D5-B993-3991C7F5EE3C}.Release|Any CPU.Build.0 = Release|Any CPU
		{D01E465C-514F-4591-B4D1-55B41904D14D}.Debug|Any CPU.ActiveCfg = Debug|Any CPU
		{D01E465C-514F-4591-B4D1-55B41904D14D}.Debug|Any CPU.Build.0 = Debug|Any CPU
		{D01E465C-514F-4591-B4D1-55B41904D14D}.Release|Any CPU.ActiveCfg = Release|Any CPU
		{D01E465C-514F-4591-B4D1-55B41904D14D}.Release|Any CPU.Build.0 = Release|Any CPU
	EndGlobalSection
	GlobalSection(SolutionProperties) = preSolution
		HideSolutionNode = FALSE
	EndGlobalSection
	GlobalSection(NestedProjects) = preSolution
		{04BB281D-EFB8-4F07-86A8-496A51B1E5F5} = {847B541B-F440-41AD-BBBC-A526DC327B24}
		{F82141EC-6C2A-49DD-9CFF-20DAA4D95265} = {E8D34699-0C5F-4241-BE67-CD40BD02A364}
		{D6560AF5-D0AA-45D5-B993-3991C7F5EE3C} = {13959DFE-6721-4901-9B68-3756D71C634F}
		{D01E465C-514F-4591-B4D1-55B41904D14D} = {2F285375-3C4A-47C7-8E01-26E6CAC4B225}
		{E8D34699-0C5F-4241-BE67-CD40BD02A364} = {7712AA6F-C2D2-4727-A78D-8EFE18D9D822}
		{13959DFE-6721-4901-9B68-3756D71C634F} = {7712AA6F-C2D2-4727-A78D-8EFE18D9D822}
		{2F285375-3C4A-47C7-8E01-26E6CAC4B225} = {7712AA6F-C2D2-4727-A78D-8EFE18D9D822}
		{847B541B-F440-41AD-BBBC-A526DC327B24} = {7712AA6F-C2D2-4727-A78D-8EFE18D9D822}
		{ED8B42DE-E57B-477F-9312-179BB9503ADF} = {7711E729-B1B7-4879-8686-F55B06041469}
		{75698992-32DF-4F22-BEF9-3214BCC449D3} = {7711E729-B1B7-4879-8686-F55B06041469}
	EndGlobalSection
	GlobalSection(ExtensibilityGlobals) = postSolution
		SolutionGuid = {EA445F84-5BEE-407B-9775-64B8DF0866D3}
	EndGlobalSection
EndGlobal
